
Microsoft Visual Studio Solution File, Format Version 12.00
# Visual Studio 14
VisualStudioVersion = 14.0.23107.0
MinimumVisualStudioVersion = 10.0.40219.1
Project("{FAE04EC0-301F-11D3-BF4B-00C04F79EFBC}") = "CrmUnitOfWork", "CrmUnitOfWork\CrmUnitOfWork.csproj", "{55C49489-DCE6-482A-AF2F-E651AE6FD889}"
	ProjectSection(ProjectDependencies) = postProject
		{86826B00-D05A-4A5F-AFE5-27AF8D47CFA4} = {86826B00-D05A-4A5F-AFE5-27AF8D47CFA4}
	EndProjectSection
EndProject
Project("{FAE04EC0-301F-11D3-BF4B-00C04F79EFBC}") = "DataAccessLayer", "DataAccessLayer\DataAccessLayer.csproj", "{86826B00-D05A-4A5F-AFE5-27AF8D47CFA4}"
EndProject
Global
	GlobalSection(SolutionConfigurationPlatforms) = preSolution
		Debug|Any CPU = Debug|Any CPU
		Release|Any CPU = Release|Any CPU
	EndGlobalSection
	GlobalSection(ProjectConfigurationPlatforms) = postSolution
		{55C49489-DCE6-482A-AF2F-E651AE6FD889}.Debug|Any CPU.ActiveCfg = Debug|Any CPU
		{55C49489-DCE6-482A-AF2F-E651AE6FD889}.Debug|Any CPU.Build.0 = Debug|Any CPU
		{55C49489-DCE6-482A-AF2F-E651AE6FD889}.Release|Any CPU.ActiveCfg = Release|Any CPU
		{55C49489-DCE6-482A-AF2F-E651AE6FD889}.Release|Any CPU.Build.0 = Release|Any CPU
		{86826B00-D05A-4A5F-AFE5-27AF8D47CFA4}.Debug|Any CPU.ActiveCfg = Debug|Any CPU
		{86826B00-D05A-4A5F-AFE5-27AF8D47CFA4}.Debug|Any CPU.Build.0 = Debug|Any CPU
		{86826B00-D05A-4A5F-AFE5-27AF8D47CFA4}.Release|Any CPU.ActiveCfg = Release|Any CPU
		{86826B00-D05A-4A5F-AFE5-27AF8D47CFA4}.Release|Any CPU.Build.0 = Release|Any CPU
	EndGlobalSection
	GlobalSection(SolutionProperties) = preSolution
		HideSolutionNode = FALSE
	EndGlobalSection
EndGlobal
